
Microsoft Visual Studio Solution File, Format Version 12.00
# Visual Studio 15
VisualStudioVersion = 15.0.27703.2026
MinimumVisualStudioVersion = 10.0.40219.1
Project("{FAE04EC0-301F-11D3-BF4B-00C04F79EFBC}") = "CertTrustManager", "CertTrustManager\CertTrustManager.csproj", "{F419E9C7-EA09-41F4-BED2-DD8AFE8C4646}"
EndProject
Global
	GlobalSection(SolutionConfigurationPlatforms) = preSolution
		Debug|Any CPU = Debug|Any CPU
		Release|Any CPU = Release|Any CPU
	EndGlobalSection
	GlobalSection(ProjectConfigurationPlatforms) = postSolution
		{F419E9C7-EA09-41F4-BED2-DD8AFE8C4646}.Debug|Any CPU.ActiveCfg = Debug|Any CPU
		{F419E9C7-EA09-41F4-BED2-DD8AFE8C4646}.Debug|Any CPU.Build.0 = Debug|Any CPU
		{F419E9C7-EA09-41F4-BED2-DD8AFE8C4646}.Release|Any CPU.ActiveCfg = Release|Any CPU
		{F419E9C7-EA09-41F4-BED2-DD8AFE8C4646}.Release|Any CPU.Build.0 = Release|Any CPU
	EndGlobalSection
	GlobalSection(SolutionProperties) = preSolution
		HideSolutionNode = FALSE
	EndGlobalSection
	GlobalSection(ExtensibilityGlobals) = postSolution
		SolutionGuid = {B4FAE0E9-C605-40B8-9342-DE98310DFC8C}
	EndGlobalSection
EndGlobal
